
Microsoft Visual Studio Solution File, Format Version 12.00
# Visual Studio Version 17
VisualStudioVersion = 17.4.33110.190
MinimumVisualStudioVersion = 10.0.40219.1
Project("{FAE04EC0-301F-11D3-BF4B-00C04F79EFBC}") = "Snake", "Snake\Snake.csproj", "{68C30D38-63C7-442D-8A92-E41A64C9A3C5}"
EndProject
Global
	GlobalSection(SolutionConfigurationPlatforms) = preSolution
		Debug|Any CPU = Debug|Any CPU
		Release|Any CPU = Release|Any CPU
	EndGlobalSection
	GlobalSection(ProjectConfigurationPlatforms) = postSolution
		{68C30D38-63C7-442D-8A92-E41A64C9A3C5}.Debug|Any CPU.ActiveCfg = Debug|Any CPU
		{68C30D38-63C7-442D-8A92-E41A64C9A3C5}.Debug|Any CPU.Build.0 = Debug|Any CPU
		{68C30D38-63C7-442D-8A92-E41A64C9A3C5}.Release|Any CPU.ActiveCfg = Release|Any CPU
		{68C30D38-63C7-442D-8A92-E41A64C9A3C5}.Release|Any CPU.Build.0 = Release|Any CPU
	EndGlobalSection
	GlobalSection(SolutionProperties) = preSolution
		HideSolutionNode = FALSE
	EndGlobalSection
	GlobalSection(ExtensibilityGlobals) = postSolution
		SolutionGuid = {68A791FF-7A31-429F-8212-243CE38860EB}
	EndGlobalSection
EndGlobal
